
Microsoft Visual Studio Solution File, Format Version 12.00
# Visual Studio Version 17
VisualStudioVersion = 17.0.31903.59
MinimumVisualStudioVersion = 10.0.40219.1
Project("{9A19103F-16F7-4668-BE54-9A1E7A4F7556}") = "ScreenSound", "ScreenSound\ScreenSound.csproj", "{A9CCE41C-6657-42BF-AED4-F3F578033037}"
EndProject
Project("{FAE04EC0-301F-11D3-BF4B-00C04F79EFBC}") = "ScreenSound.API", "ScreenSound.API\ScreenSound.API.csproj", "{335460C8-3953-4DAA-91C6-FE1A54956DEF}"
EndProject
Project("{FAE04EC0-301F-11D3-BF4B-00C04F79EFBC}") = "ScreenSound.Shared.Modelos", "ScreenSound.Shared.Modelos\ScreenSound.Shared.Modelos.csproj", "{1EA0B5D0-A396-45F2-BE3F-74F6AA4AC499}"
EndProject
Project("{FAE04EC0-301F-11D3-BF4B-00C04F79EFBC}") = "ScreendSound.Shared.Dados", "ScreendSound.Shared.Dados\ScreendSound.Shared.Dados.csproj", "{AB0D69C0-D34A-4B86-8EB8-BEF25EB92D8D}"
EndProject
Global
	GlobalSection(SolutionConfigurationPlatforms) = preSolution
		Debug|Any CPU = Debug|Any CPU
		Release|Any CPU = Release|Any CPU
	EndGlobalSection
	GlobalSection(ProjectConfigurationPlatforms) = postSolution
		{A9CCE41C-6657-42BF-AED4-F3F578033037}.Debug|Any CPU.ActiveCfg = Debug|Any CPU
		{A9CCE41C-6657-42BF-AED4-F3F578033037}.Debug|Any CPU.Build.0 = Debug|Any CPU
		{A9CCE41C-6657-42BF-AED4-F3F578033037}.Release|Any CPU.ActiveCfg = Release|Any CPU
		{A9CCE41C-6657-42BF-AED4-F3F578033037}.Release|Any CPU.Build.0 = Release|Any CPU
		{335460C8-3953-4DAA-91C6-FE1A54956DEF}.Debug|Any CPU.ActiveCfg = Debug|Any CPU
		{335460C8-3953-4DAA-91C6-FE1A54956DEF}.Debug|Any CPU.Build.0 = Debug|Any CPU
		{335460C8-3953-4DAA-91C6-FE1A54956DEF}.Release|Any CPU.ActiveCfg = Release|Any CPU
		{335460C8-3953-4DAA-91C6-FE1A54956DEF}.Release|Any CPU.Build.0 = Release|Any CPU
		{1EA0B5D0-A396-45F2-BE3F-74F6AA4AC499}.Debug|Any CPU.ActiveCfg = Debug|Any CPU
		{1EA0B5D0-A396-45F2-BE3F-74F6AA4AC499}.Debug|Any CPU.Build.0 = Debug|Any CPU
		{1EA0B5D0-A396-45F2-BE3F-74F6AA4AC499}.Release|Any CPU.ActiveCfg = Release|Any CPU
		{1EA0B5D0-A396-45F2-BE3F-74F6AA4AC499}.Release|Any CPU.Build.0 = Release|Any CPU
		{AB0D69C0-D34A-4B86-8EB8-BEF25EB92D8D}.Debug|Any CPU.ActiveCfg = Debug|Any CPU
		{AB0D69C0-D34A-4B86-8EB8-BEF25EB92D8D}.Debug|Any CPU.Build.0 = Debug|Any CPU
		{AB0D69C0-D34A-4B86-8EB8-BEF25EB92D8D}.Release|Any CPU.ActiveCfg = Release|Any CPU
		{AB0D69C0-D34A-4B86-8EB8-BEF25EB92D8D}.Release|Any CPU.Build.0 = Release|Any CPU
	EndGlobalSection
	GlobalSection(SolutionProperties) = preSolution
		HideSolutionNode = FALSE
	EndGlobalSection
	GlobalSection(ExtensibilityGlobals) = postSolution
		SolutionGuid = {F9E3CFFE-9EA8-4F3E-8C7F-8D3230E5B604}
	EndGlobalSection
EndGlobal
